
Microsoft Visual Studio Solution File, Format Version 11.00
# Visual Studio 2010
Project("{FAE04EC0-301F-11D3-BF4B-00C04F79EFBC}") = "NugetCracker", "NugetCracker\NugetCracker.csproj", "{05FCAE79-AF85-4E20-95A2-372CAF30E94E}"
EndProject
Project("{FAE04EC0-301F-11D3-BF4B-00C04F79EFBC}") = "Commons.Prevalence", "Commons.Prevalence\Commons.Prevalence.csproj", "{A5BEC694-1421-438E-B444-08246BCB7161}"
EndProject
Project("{FAE04EC0-301F-11D3-BF4B-00C04F79EFBC}") = "NUnit.NugetCracker", "NUnit.NugetCracker\NUnit.NugetCracker.csproj", "{FBFC8CC3-1EB6-4F15-8457-9973F87DA316}"
EndProject
Global
	GlobalSection(SolutionConfigurationPlatforms) = preSolution
		Debug|Any CPU = Debug|Any CPU
		Debug|x86 = Debug|x86
		Release|Any CPU = Release|Any CPU
		Release|x86 = Release|x86
	EndGlobalSection
	GlobalSection(ProjectConfigurationPlatforms) = postSolution
		{05FCAE79-AF85-4E20-95A2-372CAF30E94E}.Debug|Any CPU.ActiveCfg = Debug|Any CPU
		{05FCAE79-AF85-4E20-95A2-372CAF30E94E}.Debug|Any CPU.Build.0 = Debug|Any CPU
		{05FCAE79-AF85-4E20-95A2-372CAF30E94E}.Debug|x86.ActiveCfg = Debug|Any CPU
		{05FCAE79-AF85-4E20-95A2-372CAF30E94E}.Release|Any CPU.ActiveCfg = Release|Any CPU
		{05FCAE79-AF85-4E20-95A2-372CAF30E94E}.Release|Any CPU.Build.0 = Release|Any CPU
		{05FCAE79-AF85-4E20-95A2-372CAF30E94E}.Release|x86.ActiveCfg = Release|Any CPU
		{A5BEC694-1421-438E-B444-08246BCB7161}.Debug|Any CPU.ActiveCfg = Debug|Any CPU
		{A5BEC694-1421-438E-B444-08246BCB7161}.Debug|Any CPU.Build.0 = Debug|Any CPU
		{A5BEC694-1421-438E-B444-08246BCB7161}.Debug|x86.ActiveCfg = Debug|Any CPU
		{A5BEC694-1421-438E-B444-08246BCB7161}.Release|Any CPU.ActiveCfg = Release|Any CPU
		{A5BEC694-1421-438E-B444-08246BCB7161}.Release|Any CPU.Build.0 = Release|Any CPU
		{A5BEC694-1421-438E-B444-08246BCB7161}.Release|x86.ActiveCfg = Release|Any CPU
		{FBFC8CC3-1EB6-4F15-8457-9973F87DA316}.Debug|Any CPU.ActiveCfg = Debug|Any CPU
		{FBFC8CC3-1EB6-4F15-8457-9973F87DA316}.Debug|Any CPU.Build.0 = Debug|Any CPU
		{FBFC8CC3-1EB6-4F15-8457-9973F87DA316}.Debug|x86.ActiveCfg = Debug|Any CPU
		{FBFC8CC3-1EB6-4F15-8457-9973F87DA316}.Release|Any CPU.ActiveCfg = Release|Any CPU
		{FBFC8CC3-1EB6-4F15-8457-9973F87DA316}.Release|Any CPU.Build.0 = Release|Any CPU
		{FBFC8CC3-1EB6-4F15-8457-9973F87DA316}.Release|x86.ActiveCfg = Release|Any CPU
	EndGlobalSection
	GlobalSection(SolutionProperties) = preSolution
		HideSolutionNode = FALSE
	EndGlobalSection
	GlobalSection(MonoDevelopProperties) = preSolution
		StartupItem = NugetCracker\NugetCracker.csproj
		Policies = $0
		$0.TextStylePolicy = $1
		$1.FileWidth = 120
		$1.TabWidth = 4
		$1.RemoveTrailingWhitespace = True
		$1.EolMarker = Unix
		$1.inheritsSet = Mono
		$1.inheritsScope = text/plain
		$1.scope = text/x-csharp
		$0.CSharpFormattingPolicy = $2
		$2.AlignEmbeddedUsingStatements = False
		$2.AlignEmbeddedIfStatements = False
		$2.IfElseBraceForcement = RemoveBraces
		$2.BeforeMethodDeclarationParentheses = False
		$2.BeforeMethodCallParentheses = False
		$2.BeforeConstructorDeclarationParentheses = False
		$2.BeforeDelegateDeclarationParentheses = False
		$2.NewParentheses = False
		$2.SpacesBeforeBrackets = False
		$2.inheritsSet = Mono
		$2.inheritsScope = text/x-csharp
		$2.scope = text/x-csharp
		$0.TextStylePolicy = $3
		$3.FileWidth = 120
		$3.TabWidth = 4
		$3.EolMarker = Unix
		$3.inheritsSet = Mono
		$3.inheritsScope = text/plain
		$3.scope = text/plain
	EndGlobalSection
EndGlobal
